
Microsoft Visual Studio Solution File, Format Version 12.00
# Visual Studio Version 17
VisualStudioVersion = 17.5.2.0
MinimumVisualStudioVersion = 10.0.40219.1
Project("{FAE04EC0-301F-11D3-BF4B-00C04F79EFBC}") = "CoffeeShopIMS", "CoffeeShopIMS\CoffeeShopIMS.csproj", "{66CDFC89-4F60-4462-AC6B-BDF03B31E1DE}"
EndProject
Project("{FAE04EC0-301F-11D3-BF4B-00C04F79EFBC}") = "CoffeeShopIMS.Test", "CoffeeShopIMS.Test\CoffeeShopIMS.Test.csproj", "{624A71DC-7BE5-4933-BCB7-D107BE244A10}"
EndProject
Global
	GlobalSection(SolutionConfigurationPlatforms) = preSolution
		Debug|Any CPU = Debug|Any CPU
		Release|Any CPU = Release|Any CPU
	EndGlobalSection
	GlobalSection(SolutionProperties) = preSolution
		HideSolutionNode = FALSE
	EndGlobalSection
	GlobalSection(ExtensibilityGlobals) = postSolution
		SolutionGuid = {C292D2CC-43DF-4573-8427-D9EB5DFA0E60}
	EndGlobalSection
	GlobalSection(ProjectConfigurationPlatforms) = postSolution
		{66CDFC89-4F60-4462-AC6B-BDF03B31E1DE}.Debug|Any CPU.ActiveCfg = Debug|Any CPU
		{66CDFC89-4F60-4462-AC6B-BDF03B31E1DE}.Debug|Any CPU.Build.0 = Debug|Any CPU
		{66CDFC89-4F60-4462-AC6B-BDF03B31E1DE}.Release|Any CPU.ActiveCfg = Release|Any CPU
		{66CDFC89-4F60-4462-AC6B-BDF03B31E1DE}.Release|Any CPU.Build.0 = Release|Any CPU
		{624A71DC-7BE5-4933-BCB7-D107BE244A10}.Debug|Any CPU.ActiveCfg = Debug|Any CPU
		{624A71DC-7BE5-4933-BCB7-D107BE244A10}.Debug|Any CPU.Build.0 = Debug|Any CPU
		{624A71DC-7BE5-4933-BCB7-D107BE244A10}.Release|Any CPU.ActiveCfg = Release|Any CPU
		{624A71DC-7BE5-4933-BCB7-D107BE244A10}.Release|Any CPU.Build.0 = Release|Any CPU
	EndGlobalSection
EndGlobal
